// !$*UTF8*$!
{
	archiveVersion = 1;
	classes = {
	};
	objectVersion = 48;
	objects = {

/* Begin PBXBuildFile section */
		57BBB7E12028C7B300836CA0 /* AppDelegate.swift in Sources */ = {isa = PBXBuildFile; fileRef = 57BBB7E02028C7B300836CA0 /* AppDelegate.swift */; };
		57BBB7E62028C7B300836CA0 /* Main.storyboard in Resources */ = {isa = PBXBuildFile; fileRef = 57BBB7E42028C7B300836CA0 /* Main.storyboard */; };
		57BBB7E82028C7B400836CA0 /* Assets.xcassets in Resources */ = {isa = PBXBuildFile; fileRef = 57BBB7E72028C7B400836CA0 /* Assets.xcassets */; };
		57BBB7EB2028C7B400836CA0 /* LaunchScreen.storyboard in Resources */ = {isa = PBXBuildFile; fileRef = 57BBB7E92028C7B400836CA0 /* LaunchScreen.storyboard */; };
		57BBB7F82028CCA500836CA0 /* NameTableViewController.swift in Sources */ = {isa = PBXBuildFile; fileRef = 57BBB7F72028CCA500836CA0 /* NameTableViewController.swift */; };
		57BBB7FB2028CF4A00836CA0 /* Message.swift in Sources */ = {isa = PBXBuildFile; fileRef = 57BBB7FA2028CF4A00836CA0 /* Message.swift */; };
		57BBB7FD2028D18700836CA0 /* Constants.swift in Sources */ = {isa = PBXBuildFile; fileRef = 57BBB7FC2028D18700836CA0 /* Constants.swift */; };
		57BBB7FF2028D42A00836CA0 /* MessageController.swift in Sources */ = {isa = PBXBuildFile; fileRef = 57BBB7FE2028D42A00836CA0 /* MessageController.swift */; };
		57BBB8022028D59900836CA0 /* CloudKitManager.swift in Sources */ = {isa = PBXBuildFile; fileRef = 57BBB8012028D59900836CA0 /* CloudKitManager.swift */; };
		57BBB8042028D8CE00836CA0 /* CloudKit.framework in Frameworks */ = {isa = PBXBuildFile; fileRef = 57BBB8032028D8CE00836CA0 /* CloudKit.framework */; };
/* End PBXBuildFile section */

/* Begin PBXFileReference section */
		57BBB7DD2028C7B300836CA0 /* iOS17BulletinBoard.app */ = {isa = PBXFileReference; explicitFileType = wrapper.application; includeInIndex = 0; path = iOS17BulletinBoard.app; sourceTree = BUILT_PRODUCTS_DIR; };
		57BBB7E02028C7B300836CA0 /* AppDelegate.swift */ = {isa = PBXFileReference; lastKnownFileType = sourcecode.swift; path = AppDelegate.swift; sourceTree = "<group>"; };
		57BBB7E52028C7B300836CA0 /* Base */ = {isa = PBXFileReference; lastKnownFileType = file.storyboard; name = Base; path = Base.lproj/Main.storyboard; sourceTree = "<group>"; };
		57BBB7E72028C7B400836CA0 /* Assets.xcassets */ = {isa = PBXFileReference; lastKnownFileType = folder.assetcatalog; path = Assets.xcassets; sourceTree = "<group>"; };
		57BBB7EA2028C7B400836CA0 /* Base */ = {isa = PBXFileReference; lastKnownFileType = file.storyboard; name = Base; path = Base.lproj/LaunchScreen.storyboard; sourceTree = "<group>"; };
		57BBB7EC2028C7B400836CA0 /* Info.plist */ = {isa = PBXFileReference; lastKnownFileType = text.plist.xml; path = Info.plist; sourceTree = "<group>"; };
		57BBB7F22028C7ED00836CA0 /* iOS17BulletinBoard.entitlements */ = {isa = PBXFileReference; lastKnownFileType = text.plist.entitlements; path = iOS17BulletinBoard.entitlements; sourceTree = "<group>"; };
		57BBB7F72028CCA500836CA0 /* NameTableViewController.swift */ = {isa = PBXFileReference; lastKnownFileType = sourcecode.swift; path = NameTableViewController.swift; sourceTree = "<group>"; };
		57BBB7FA2028CF4A00836CA0 /* Message.swift */ = {isa = PBXFileReference; lastKnownFileType = sourcecode.swift; path = Message.swift; sourceTree = "<group>"; };
		57BBB7FC2028D18700836CA0 /* Constants.swift */ = {isa = PBXFileReference; lastKnownFileType = sourcecode.swift; path = Constants.swift; sourceTree = "<group>"; };
		57BBB7FE2028D42A00836CA0 /* MessageController.swift */ = {isa = PBXFileReference; lastKnownFileType = sourcecode.swift; path = MessageController.swift; sourceTree = "<group>"; };
		57BBB8012028D59900836CA0 /* CloudKitManager.swift */ = {isa = PBXFileReference; lastKnownFileType = sourcecode.swift; path = CloudKitManager.swift; sourceTree = "<group>"; };
		57BBB8032028D8CE00836CA0 /* CloudKit.framework */ = {isa = PBXFileReference; lastKnownFileType = wrapper.framework; name = CloudKit.framework; path = System/Library/Frameworks/CloudKit.framework; sourceTree = SDKROOT; };
/* End PBXFileReference section */

/* Begin PBXFrameworksBuildPhase section */
		57BBB7DA2028C7B300836CA0 /* Frameworks */ = {
			isa = PBXFrameworksBuildPhase;
			buildActionMask = 2147483647;
			files = (
				57BBB8042028D8CE00836CA0 /* CloudKit.framework in Frameworks */,
			);
			runOnlyForDeploymentPostprocessing = 0;
		};
/* End PBXFrameworksBuildPhase section */

/* Begin PBXGroup section */
		57BBB7D42028C7B300836CA0 = {
			isa = PBXGroup;
			children = (
				57BBB7DF2028C7B300836CA0 /* iOS17BulletinBoard */,
				57BBB7DE2028C7B300836CA0 /* Products */,
				57BBB7F32028C7F100836CA0 /* Frameworks */,
			);
			sourceTree = "<group>";
		};
		57BBB7DE2028C7B300836CA0 /* Products */ = {
			isa = PBXGroup;
			children = (
				57BBB7DD2028C7B300836CA0 /* iOS17BulletinBoard.app */,
			);
			name = Products;
			sourceTree = "<group>";
		};
		57BBB7DF2028C7B300836CA0 /* iOS17BulletinBoard */ = {
			isa = PBXGroup;
			children = (
				57BBB7F22028C7ED00836CA0 /* iOS17BulletinBoard.entitlements */,
				57BBB7E02028C7B300836CA0 /* AppDelegate.swift */,
				57BBB8012028D59900836CA0 /* CloudKitManager.swift */,
				57BBB8002028D43300836CA0 /* Model + Controllers */,
				57BBB7F92028CF2D00836CA0 /* Views + Controllers */,
				57BBB7F62028CC7C00836CA0 /* Resources */,
			);
			path = iOS17BulletinBoard;
			sourceTree = "<group>";
		};
		57BBB7F32028C7F100836CA0 /* Frameworks */ = {
			isa = PBXGroup;
			children = (
				57BBB8032028D8CE00836CA0 /* CloudKit.framework */,
			);
			name = Frameworks;
			sourceTree = "<group>";
		};
		57BBB7F62028CC7C00836CA0 /* Resources */ = {
			isa = PBXGroup;
			children = (
				57BBB7E72028C7B400836CA0 /* Assets.xcassets */,
				57BBB7E92028C7B400836CA0 /* LaunchScreen.storyboard */,
				57BBB7EC2028C7B400836CA0 /* Info.plist */,
			);
			path = Resources;
			sourceTree = "<group>";
		};
		57BBB7F92028CF2D00836CA0 /* Views + Controllers */ = {
			isa = PBXGroup;
			children = (
				57BBB7E42028C7B300836CA0 /* Main.storyboard */,
				57BBB7F72028CCA500836CA0 /* NameTableViewController.swift */,
			);
			path = "Views + Controllers";
			sourceTree = "<group>";
		};
		57BBB8002028D43300836CA0 /* Model + Controllers */ = {
			isa = PBXGroup;
			children = (
				57BBB7FA2028CF4A00836CA0 /* Message.swift */,
				57BBB7FE2028D42A00836CA0 /* MessageController.swift */,
				57BBB7FC2028D18700836CA0 /* Constants.swift */,
			);
			path = "Model + Controllers";
			sourceTree = "<group>";
		};
/* End PBXGroup section */

/* Begin PBXNativeTarget section */
		57BBB7DC2028C7B300836CA0 /* iOS17BulletinBoard */ = {
			isa = PBXNativeTarget;
			buildConfigurationList = 57BBB7EF2028C7B400836CA0 /* Build configuration list for PBXNativeTarget "iOS17BulletinBoard" */;
			buildPhases = (
				57BBB7D92028C7B300836CA0 /* Sources */,
				57BBB7DA2028C7B300836CA0 /* Frameworks */,
				57BBB7DB2028C7B300836CA0 /* Resources */,
			);
			buildRules = (
			);
			dependencies = (
			);
			name = iOS17BulletinBoard;
			productName = iOS17BulletinBoard;
			productReference = 57BBB7DD2028C7B300836CA0 /* iOS17BulletinBoard.app */;
			productType = "com.apple.product-type.application";
		};
/* End PBXNativeTarget section */

/* Begin PBXProject section */
		57BBB7D52028C7B300836CA0 /* Project object */ = {
			isa = PBXProject;
			attributes = {
				LastSwiftUpdateCheck = 0920;
				LastUpgradeCheck = 0920;
				ORGANIZATIONNAME = broCode;
				TargetAttributes = {
					57BBB7DC2028C7B300836CA0 = {
						CreatedOnToolsVersion = 9.2;
						ProvisioningStyle = Automatic;
						SystemCapabilities = {
							com.apple.Push = {
								enabled = 1;
							};
							com.apple.iCloud = {
								enabled = 1;
							};
						};
					};
				};
			};
			buildConfigurationList = 57BBB7D82028C7B300836CA0 /* Build configuration list for PBXProject "iOS17BulletinBoard" */;
			compatibilityVersion = "Xcode 8.0";
			developmentRegion = en;
			hasScannedForEncodings = 0;
			knownRegions = (
				en,
				Base,
			);
			mainGroup = 57BBB7D42028C7B300836CA0;
			productRefGroup = 57BBB7DE2028C7B300836CA0 /* Products */;
			projectDirPath = "";
			projectRoot = "";
			targets = (
				57BBB7DC2028C7B300836CA0 /* iOS17BulletinBoard */,
			);
		};
/* End PBXProject section */

/* Begin PBXResourcesBuildPhase section */
		57BBB7DB2028C7B300836CA0 /* Resources */ = {
			isa = PBXResourcesBuildPhase;
			buildActionMask = 2147483647;
			files = (
				57BBB7EB2028C7B400836CA0 /* LaunchScreen.storyboard in Resources */,
				57BBB7E82028C7B400836CA0 /* Assets.xcassets in Resources */,
				57BBB7E62028C7B300836CA0 /* Main.storyboard in Resources */,
			);
			runOnlyForDeploymentPostprocessing = 0;
		};
/* End PBXResourcesBuildPhase section */

/* Begin PBXSourcesBuildPhase section */
		57BBB7D92028C7B300836CA0 /* Sources */ = {
			isa = PBXSourcesBuildPhase;
			buildActionMask = 2147483647;
			files = (
				57BBB7FB2028CF4A00836CA0 /* Message.swift in Sources */,
				57BBB7F82028CCA500836CA0 /* NameTableViewController.swift in Sources */,
				57BBB8022028D59900836CA0 /* CloudKitManager.swift in Sources */,
				57BBB7FF2028D42A00836CA0 /* MessageController.swift in Sources */,
				57BBB7E12028C7B300836CA0 /* AppDelegate.swift in Sources */,
				57BBB7FD2028D18700836CA0 /* Constants.swift in Sources */,
			);
			runOnlyForDeploymentPostprocessing = 0;
		};
/* End PBXSourcesBuildPhase section */

/* Begin PBXVariantGroup section */
		57BBB7E42028C7B300836CA0 /* Main.storyboard */ = {
			isa = PBXVariantGroup;
			children = (
				57BBB7E52028C7B300836CA0 /* Base */,
			);
			name = Main.storyboard;
			sourceTree = "<group>";
		};
		57BBB7E92028C7B400836CA0 /* LaunchScreen.storyboard */ = {
			isa = PBXVariantGroup;
			children = (
				57BBB7EA2028C7B400836CA0 /* Base */,
			);
			name = LaunchScreen.storyboard;
			sourceTree = "<group>";
		};
/* End PBXVariantGroup section */

/* Begin XCBuildConfiguration section */
		57BBB7ED2028C7B400836CA0 /* Debug */ = {
			isa = XCBuildConfiguration;
			buildSettings = {
				ALWAYS_SEARCH_USER_PATHS = NO;
				CLANG_ANALYZER_NONNULL = YES;
				CLANG_ANALYZER_NUMBER_OBJECT_CONVERSION = YES_AGGRESSIVE;
				CLANG_CXX_LANGUAGE_STANDARD = "gnu++14";
				CLANG_CXX_LIBRARY = "libc++";
				CLANG_ENABLE_MODULES = YES;
				CLANG_ENABLE_OBJC_ARC = YES;
				CLANG_WARN_BLOCK_CAPTURE_AUTORELEASING = YES;
				CLANG_WARN_BOOL_CONVERSION = YES;
				CLANG_WARN_COMMA = YES;
				CLANG_WARN_CONSTANT_CONVERSION = YES;
				CLANG_WARN_DIRECT_OBJC_ISA_USAGE = YES_ERROR;
				CLANG_WARN_DOCUMENTATION_COMMENTS = YES;
				CLANG_WARN_EMPTY_BODY = YES;
				CLANG_WARN_ENUM_CONVERSION = YES;
				CLANG_WARN_INFINITE_RECURSION = YES;
				CLANG_WARN_INT_CONVERSION = YES;
				CLANG_WARN_NON_LITERAL_NULL_CONVERSION = YES;
				CLANG_WARN_OBJC_LITERAL_CONVERSION = YES;
				CLANG_WARN_OBJC_ROOT_CLASS = YES_ERROR;
				CLANG_WARN_RANGE_LOOP_ANALYSIS = YES;
				CLANG_WARN_STRICT_PROTOTYPES = YES;
				CLANG_WARN_SUSPICIOUS_MOVE = YES;
				CLANG_WARN_UNGUARDED_AVAILABILITY = YES_AGGRESSIVE;
				CLANG_WARN_UNREACHABLE_CODE = YES;
				CLANG_WARN__DUPLICATE_METHOD_MATCH = YES;
				CODE_SIGN_IDENTITY = "iPhone Developer";
				COPY_PHASE_STRIP = NO;
				DEBUG_INFORMATION_FORMAT = dwarf;
				ENABLE_STRICT_OBJC_MSGSEND = YES;
				ENABLE_TESTABILITY = YES;
				GCC_C_LANGUAGE_STANDARD = gnu11;
				GCC_DYNAMIC_NO_PIC = NO;
				GCC_NO_COMMON_BLOCKS = YES;
				GCC_OPTIMIZATION_LEVEL = 0;
				GCC_PREPROCESSOR_DEFINITIONS = (
					"DEBUG=1",
					"$(inherited)",
				);
				GCC_WARN_64_TO_32_BIT_CONVERSION = YES;
				GCC_WARN_ABOUT_RETURN_TYPE = YES_ERROR;
				GCC_WARN_UNDECLARED_SELECTOR = YES;
				GCC_WARN_UNINITIALIZED_AUTOS = YES_AGGRESSIVE;
				GCC_WARN_UNUSED_FUNCTION = YES;
				GCC_WARN_UNUSED_VARIABLE = YES;
				IPHONEOS_DEPLOYMENT_TARGET = 11.2;
				MTL_ENABLE_DEBUG_INFO = YES;
				ONLY_ACTIVE_ARCH = YES;
				SDKROOT = iphoneos;
				SWIFT_ACTIVE_COMPILATION_CONDITIONS = DEBUG;
				SWIFT_OPTIMIZATION_LEVEL = "-Onone";
			};
			name = Debug;
		};
		57BBB7EE2028C7B400836CA0 /* Release */ = {
			isa = XCBuildConfiguration;
			buildSettings = {
				ALWAYS_SEARCH_USER_PATHS = NO;
				CLANG_ANALYZER_NONNULL = YES;
				CLANG_ANALYZER_NUMBER_OBJECT_CONVERSION = YES_AGGRESSIVE;
				CLANG_CXX_LANGUAGE_STANDARD = "gnu++14";
				CLANG_CXX_LIBRARY = "libc++";
				CLANG_ENABLE_MODULES = YES;
				CLANG_ENABLE_OBJC_ARC = YES;
				CLANG_WARN_BLOCK_CAPTURE_AUTORELEASING = YES;
				CLANG_WARN_BOOL_CONVERSION = YES;
				CLANG_WARN_COMMA = YES;
				CLANG_WARN_CONSTANT_CONVERSION = YES;
				CLANG_WARN_DIRECT_OBJC_ISA_USAGE = YES_ERROR;
				CLANG_WARN_DOCUMENTATION_COMMENTS = YES;
				CLANG_WARN_EMPTY_BODY = YES;
				CLANG_WARN_ENUM_CONVERSION = YES;
				CLANG_WARN_INFINITE_RECURSION = YES;
				CLANG_WARN_INT_CONVERSION = YES;
				CLANG_WARN_NON_LITERAL_NULL_CONVERSION = YES;
				CLANG_WARN_OBJC_LITERAL_CONVERSION = YES;
				CLANG_WARN_OBJC_ROOT_CLASS = YES_ERROR;
				CLANG_WARN_RANGE_LOOP_ANALYSIS = YES;
				CLANG_WARN_STRICT_PROTOTYPES = YES;
				CLANG_WARN_SUSPICIOUS_MOVE = YES;
				CLANG_WARN_UNGUARDED_AVAILABILITY = YES_AGGRESSIVE;
				CLANG_WARN_UNREACHABLE_CODE = YES;
				CLANG_WARN__DUPLICATE_METHOD_MATCH = YES;
				CODE_SIGN_IDENTITY = "iPhone Developer";
				COPY_PHASE_STRIP = NO;
				DEBUG_INFORMATION_FORMAT = "dwarf-with-dsym";
				ENABLE_NS_ASSERTIONS = NO;
				ENABLE_STRICT_OBJC_MSGSEND = YES;
				GCC_C_LANGUAGE_STANDARD = gnu11;
				GCC_NO_COMMON_BLOCKS = YES;
				GCC_WARN_64_TO_32_BIT_CONVERSION = YES;
				GCC_WARN_ABOUT_RETURN_TYPE = YES_ERROR;
				GCC_WARN_UNDECLARED_SELECTOR = YES;
				GCC_WARN_UNINITIALIZED_AUTOS = YES_AGGRESSIVE;
				GCC_WARN_UNUSED_FUNCTION = YES;
				GCC_WARN_UNUSED_VARIABLE = YES;
				IPHONEOS_DEPLOYMENT_TARGET = 11.2;
				MTL_ENABLE_DEBUG_INFO = NO;
				SDKROOT = iphoneos;
				SWIFT_OPTIMIZATION_LEVEL = "-Owholemodule";
				VALIDATE_PRODUCT = YES;
			};
			name = Release;
		};
		57BBB7F02028C7B400836CA0 /* Debug */ = {
			isa = XCBuildConfiguration;
			buildSettings = {
				ASSETCATALOG_COMPILER_APPICON_NAME = AppIcon;
				CODE_SIGN_ENTITLEMENTS = iOS17BulletinBoard/iOS17BulletinBoard.entitlements;
				CODE_SIGN_STYLE = Automatic;
				DEVELOPMENT_TEAM = L2LP5P6TWN;
				INFOPLIST_FILE = "$(SRCROOT)/iOS17BulletinBoard/Resources/Info.plist";
				LD_RUNPATH_SEARCH_PATHS = "$(inherited) @executable_path/Frameworks";
				PRODUCT_BUNDLE_IDENTIFIER = com.broCode.iOS17BulletinBoard;
				PRODUCT_NAME = "$(TARGET_NAME)";
				SWIFT_VERSION = 4.0;
				TARGETED_DEVICE_FAMILY = "1,2";
			};
			name = Debug;
		};
		57BBB7F12028C7B400836CA0 /* Release */ = {
			isa = XCBuildConfiguration;
			buildSettings = {
				ASSETCATALOG_COMPILER_APPICON_NAME = AppIcon;
				CODE_SIGN_ENTITLEMENTS = iOS17BulletinBoard/iOS17BulletinBoard.entitlements;
				CODE_SIGN_STYLE = Automatic;
				DEVELOPMENT_TEAM = L2LP5P6TWN;
				INFOPLIST_FILE = "$(SRCROOT)/iOS17BulletinBoard/Resources/Info.plist";
				LD_RUNPATH_SEARCH_PATHS = "$(inherited) @executable_path/Frameworks";
				PRODUCT_BUNDLE_IDENTIFIER = com.broCode.iOS17BulletinBoard;
				PRODUCT_NAME = "$(TARGET_NAME)";
				SWIFT_VERSION = 4.0;
				TARGETED_DEVICE_FAMILY = "1,2";
			};
			name = Release;
		};
/* End XCBuildConfiguration section */

/* Begin XCConfigurationList section */
		57BBB7D82028C7B300836CA0 /* Build configuration list for PBXProject "iOS17BulletinBoard" */ = {
			isa = XCConfigurationList;
			buildConfigurations = (
				57BBB7ED2028C7B400836CA0 /* Debug */,
				57BBB7EE2028C7B400836CA0 /* Release */,
			);
			defaultConfigurationIsVisible = 0;
			defaultConfigurationName = Release;
		};
		57BBB7EF2028C7B400836CA0 /* Build configuration list for PBXNativeTarget "iOS17BulletinBoard" */ = {
			isa = XCConfigurationList;
			buildConfigurations = (
				57BBB7F02028C7B400836CA0 /* Debug */,
				57BBB7F12028C7B400836CA0 /* Release */,
			);
			defaultConfigurationIsVisible = 0;
			defaultConfigurationName = Release;
		};
/* End XCConfigurationList section */
	};
	rootObject = 57BBB7D52028C7B300836CA0 /* Project object */;
}
